
Microsoft Visual Studio Solution File, Format Version 12.00
# Visual Studio 2013
VisualStudioVersion = 12.0.40629.0
MinimumVisualStudioVersion = 10.0.40219.1
Project("{FAE04EC0-301F-11D3-BF4B-00C04F79EFBC}") = "MałyPokerGra", "ConsoleApplication1\MałyPokerGra.csproj", "{36CE7FE2-8CFB-4A00-8C5B-5151A8D39971}"
EndProject
Project("{FAE04EC0-301F-11D3-BF4B-00C04F79EFBC}") = "Poker", "..\..\..\Poker\Poker\Poker.csproj", "{403D0B92-5D28-4835-B6F6-12EF0853BDAF}"
EndProject
Global
	GlobalSection(SolutionConfigurationPlatforms) = preSolution
		Debug|Any CPU = Debug|Any CPU
		Release|Any CPU = Release|Any CPU
		Test|Any CPU = Test|Any CPU
	EndGlobalSection
	GlobalSection(ProjectConfigurationPlatforms) = postSolution
		{36CE7FE2-8CFB-4A00-8C5B-5151A8D39971}.Debug|Any CPU.ActiveCfg = Debug|Any CPU
		{36CE7FE2-8CFB-4A00-8C5B-5151A8D39971}.Debug|Any CPU.Build.0 = Debug|Any CPU
		{36CE7FE2-8CFB-4A00-8C5B-5151A8D39971}.Release|Any CPU.ActiveCfg = Release|Any CPU
		{36CE7FE2-8CFB-4A00-8C5B-5151A8D39971}.Release|Any CPU.Build.0 = Release|Any CPU
		{36CE7FE2-8CFB-4A00-8C5B-5151A8D39971}.Test|Any CPU.ActiveCfg = Release|Any CPU
		{36CE7FE2-8CFB-4A00-8C5B-5151A8D39971}.Test|Any CPU.Build.0 = Release|Any CPU
		{403D0B92-5D28-4835-B6F6-12EF0853BDAF}.Debug|Any CPU.ActiveCfg = Debug|Any CPU
		{403D0B92-5D28-4835-B6F6-12EF0853BDAF}.Debug|Any CPU.Build.0 = Debug|Any CPU
		{403D0B92-5D28-4835-B6F6-12EF0853BDAF}.Release|Any CPU.ActiveCfg = Release|Any CPU
		{403D0B92-5D28-4835-B6F6-12EF0853BDAF}.Release|Any CPU.Build.0 = Release|Any CPU
		{403D0B92-5D28-4835-B6F6-12EF0853BDAF}.Test|Any CPU.ActiveCfg = Test|Any CPU
		{403D0B92-5D28-4835-B6F6-12EF0853BDAF}.Test|Any CPU.Build.0 = Test|Any CPU
	EndGlobalSection
	GlobalSection(SolutionProperties) = preSolution
		HideSolutionNode = FALSE
	EndGlobalSection
EndGlobal
